{
  "pins" : [
    {
      "identity" : "navigation-stack-backport",
      "kind" : "remoteSourceControl",
      "location" : "https://github.com/lm/navigation-stack-backport",
      "state" : {
        "revision" : "7641abbba79be2cc2616413e7915d5f778784ecd",
        "version" : "1.0.0"
      }
    }
  ],
  "version" : 2
}
